
Microsoft Visual Studio Solution File, Format Version 12.00
# Visual Studio Version 17
VisualStudioVersion = 17.9.34714.143
MinimumVisualStudioVersion = 10.0.40219.1
Project("{FAE04EC0-301F-11D3-BF4B-00C04F79EFBC}") = "TrackerLibrary", "TrackerLibrary\TrackerLibrary.csproj", "{995EAB82-90F4-4597-94C3-198A5034D5C6}"
EndProject
Project("{FAE04EC0-301F-11D3-BF4B-00C04F79EFBC}") = "TrackerUI", "TrackerUI\TrackerUI.csproj", "{1E3EAAFA-C930-4946-9F5A-F003E42E6E8E}"
EndProject
Global
	GlobalSection(SolutionConfigurationPlatforms) = preSolution
		Debug|Any CPU = Debug|Any CPU
		Release|Any CPU = Release|Any CPU
	EndGlobalSection
	GlobalSection(ProjectConfigurationPlatforms) = postSolution
		{995EAB82-90F4-4597-94C3-198A5034D5C6}.Debug|Any CPU.ActiveCfg = Debug|Any CPU
		{995EAB82-90F4-4597-94C3-198A5034D5C6}.Debug|Any CPU.Build.0 = Debug|Any CPU
		{995EAB82-90F4-4597-94C3-198A5034D5C6}.Release|Any CPU.ActiveCfg = Release|Any CPU
		{995EAB82-90F4-4597-94C3-198A5034D5C6}.Release|Any CPU.Build.0 = Release|Any CPU
		{1E3EAAFA-C930-4946-9F5A-F003E42E6E8E}.Debug|Any CPU.ActiveCfg = Debug|Any CPU
		{1E3EAAFA-C930-4946-9F5A-F003E42E6E8E}.Debug|Any CPU.Build.0 = Debug|Any CPU
		{1E3EAAFA-C930-4946-9F5A-F003E42E6E8E}.Release|Any CPU.ActiveCfg = Release|Any CPU
		{1E3EAAFA-C930-4946-9F5A-F003E42E6E8E}.Release|Any CPU.Build.0 = Release|Any CPU
	EndGlobalSection
	GlobalSection(SolutionProperties) = preSolution
		HideSolutionNode = FALSE
	EndGlobalSection
	GlobalSection(ExtensibilityGlobals) = postSolution
		SolutionGuid = {AEB926CF-0458-434E-A489-3381406C0358}
	EndGlobalSection
EndGlobal
